# This file is autogenerated by running `x.py inputs download. DO NOT EDIT.`

[2015]
01 = "69494cab916c3eab41fa4fb2d36e0aa18a0ef997cdbda697ce62be11911ec1d8"
02 = "5ff3212f874f3b4edd55d4fe11520f6871ed07d3b0436af8d6ca74ccb68dd39b"
03 = "e448dd1d2c9e32a44fa4cc6ad9c2f669d5107a76e2720925ed90bda9c61b5420"
04 = "4be3e7c72559e70f189bef0677f5cde1c57611faf6b06955576d81339f7b6fb7"
05 = "570685519189201ad8b1aadfe1b89ba26c029ba36e391d6c17a025f91e4b85a2"
06 = "d1825109f7592cdf00249a11a512fc5b50db541ea5bc7eab5221f2ee364a3a08"
07 = "6a282bebcbb5509ddfcfbdc7b3d7428e795d89608b555d51c3403c3390446337"
08 = "0fecaa8a570646bb85a5f4579468bcb0f7135189d546334faa2bf91fab03a4e5"
09 = "69a9731287ce3e115435059587ec2d5196a54d78ec1e9854123b9372d5a8392a"
10 = "9cf5bbc50947bc829dca03c0f85a882b398c465856bead25af76828c78ce00dd"
11 = "69e7b3a5133ed4cbe058773c5c6cf4f15f0fcff4ad2eb64ce81e436b6f03a64f"
12 = "7e41a4107b6fe49e125fc38d2eb08ff6f87868e9b45997ff0db67c2e295ff324"
13 = "a8610959b8c1388f53a7720828c8a1cad08b1c95661d198e01157fc83ef08605"
14 = "0b0d2c1b85a2f1f3c56181951e9dcb33b365a0e5427462a4f451f70f21024c37"
15 = "a410d2ac35016282f67775f7f091ffbe458176cb30815077234661e4f70b9f01"
16 = "a030f939b3368571c4d5489dbde3172fa20878f92fdbeec734d74c70a17d9c21"
17 = "9ea23339652ff398a7c97d7a7303ab2deee04c3e23a6c599106d65b6b89e52df"
18 = "8eaf0742fee651fe2be244296516374cc9620227b6b836cae1a9e5aa8a9c3ae0"
19 = "eb333fc1d3ec41e3b9b22096e838fe860fbc6667068129996cae3cd3483dd9e7"
20 = "841ff5046c82d47b0127496cec0137e14cd8f59fc18e1d0e1f270c9b3c1f2511"
21 = "ee1a0b20719d1d582e3236541dcc2b2a2a76b8be3e8e45da0772eec603cf71a9"
22 = "c3c30824adc782d0e9de56d346a4dcd42c7f64e9238654c382a88a603b9f6843"
23 = "f42dbc675364f0e28d187d8ea7b4f0dbb2c95434bbeed672df7a94042eb3e9a7"
24 = "2ffa3a4839b57008b7de9005a32358074d2e54e7d959ae12cdd6adff6121b676"
25 = "2da41ec837841ce65a6dafc74bffe9f914217d74c0e64fcdf12e3f01049557d7"

[2016]
01 = "0bcf6ddcc91addefd77cfd2a55ac6fdac4b19076751d783efcb68895ddc66b79"
02 = "7fb5207abb5acbb1600ae4a9811d6ecd33131d49d273ca1ea63cdb9b25fa2f5d"
03 = "5fa34fe6622b35a84396293238ece19d10614279176bbc7ca93002eeec1ed698"
04 = "d888c04ea3a28cf9103a29c126ce91bb9a6b9e9e35acbf7885c9f3cd5896e342"
05 = "3437ec14e18dbd594e7e687c897ad7132360be19ad5f3b42fd9c0f06002ee4ac"
06 = "e709cad8a23f2dcb2bab69f2bbfdcaf176821e83bb46b7fadaa2522552ef1418"
07 = "4470935b69aba6c11ad5ecae454b509f7430399f267cd083ff1e3753ccf6b8b2"
08 = "b75eba421f625dc2b89225f855d4dad2643f85145d17c03320c3e16501e7e476"
09 = "92922f5992604d7454cec55a0348fe7d9f83503f91d81dd71d61cd6d01557ed0"
10 = "bb88873f93858a48f343b34692595e689461aec8747817d3e09a564bd1132d62"
11 = "3f6afc190e2980839d4587c3e991e462769fec2fed1164a5c36b847b478a4685"
12 = "70b7ada89743b8e3818b951170519f7a038d476551ad22c7e0d92b53bbaefd68"
13 = "fcb06cb317e100d99e715df1664b56664926057ddc806b367d6bf765af267bbc"
14 = "a6cc5107ea6e48fae485193005d44b65d3ce9117c6ec85315b40159cfd78b5a8"
15 = "993bc9c576178608e68776d62d2f44860197dbd21f125df04b4e0edb77433ae4"
16 = "623e0b544c1851059370cd1c8afcd85267b0621fbb9076ac04730ad1cb510796"
17 = "2e3a4f6f7dd382d867c9ccc8d21183d6b12825d79c82f811430e2ba88b6fe739"
18 = "6c4c50f42d117d8a6e420055a7d2d753f48f14c33cd78cb3eb2947ef3424ac23"
19 = "fa8ff241d7e10b868e5acd0547153d5fb50a5d03fadd3218139d5086497eb02e"
20 = "76f8527d861b270b61c2e675aec64c1c8e19d261e6eed6e66bc603d3b4c00b45"
21 = "14a11e3c32ed64ed369a685e882fa84a32f3f0c3a23797a41edf7919a3780be6"
22 = "ffd3faeba265211b3a32f7921d5a6b9885aaadff3e1c290041c1320bd183f5c5"
23 = "bf6da0febee73681f79876517dbc9016d9e3fbbb7d24d7917aaa29bdbf94e734"
24 = "07b6b0a62c7c483c84f72cb8f90a5b4c591617ca1eabe27cba43b20330dbaac3"
25 = "993b5c4bc31103254f1251c12ecd8afad053b405476df5690f5498cb255c1460"

[2017]
01 = "07062d55019b99572345d183521588162d035ad8bf65210b4f137848d82acb9e"
02 = "90003291a8a4cfc0effabe932c659c9d26e7f640777d18bd95cda7f91b40c690"
03 = "685e81213e45eaf4652f7b3b90925ab3ae1cbe3d0ba12aa71c9bfb10cb7d3157"
04 = "1c0a6edd7d49bc3e8ce6f3569cae358f7869343e377a77a519c9e6f01c2d03d9"
05 = "5be396466ddc28f17b1c2ae7ae4d2ff88e5566b5dc33508b486be4699ef657f7"
06 = "55e1a15f6da31af5f1593a2600d60cf3818425731344ef42b0fc9ac81ca58748"
07 = "ef22c9e7d488f8462e1c83539e4345d8c844571d5d91680896c1c04ddb488d22"
08 = "4ae78240aebe1d2fe5efbadf69f1b096255195e873379988d34fff4ef93ae336"
09 = "49d6edc4cbc27cd547caf8b378a72f2ea28bb662d198b881f7590a8d23d92511"
10 = "4891dcf467b4ac0e1607da3c1e31033e867633a542503f2e04e9f9a52d7652a5"
11 = "e0a870922350bfc3a20d465ae72aa8779ab270be77f8c8fc04d39a09ac3a1c74"
12 = "ae0580fe1dd63ce0b3bd6e2a6f31706216e178b78d1dca94d7ab693e204de7fe"
13 = "dabdb6a4c4582daaf06b8ac06e21ffa14e4a554d24ce8ded66c8f36b63d3d0cf"
14 = "cbffb5fd046fedfd3555eef39ee92b2a90db63734ef2dc0bfde49d3d47be477b"
15 = "117dce7299a2f4f90a88c2d41a6726ca11e1159af756bc1bbb3852da2ba88db3"
16 = "f26869f7cea2e2b07635c64997596635adeeb463a29d428f5a1d8d0bddc5e307"
17 = "eba4c3f9bb9a4e38c20cbb1c98b108c2bbdcba1b7316e6b0b1351517cbf9a37b"
18 = "31693fe02aeb7dcf59d3ba8c06933eb54a52df79604ec4345e6bf90674202a58"
19 = "f74f8b150b05880bda0afb760002582f631d657e88e62bf70bbe24e1c6fd2251"
20 = "b0510cda5d6aa20c6985dbb69b7adf78ae2abfca4e2e0fe6c963c545ace016d4"
21 = "f446679215ad00d6b106dc0942bcf7ece887dc2cbf1663a0f77ac8c40f15f87d"
22 = "9dba223439552e963d5149f858070a9a09464a9f3e124a7e92b73b23e6cf2081"
23 = "1e92a35246b073827d7b1f75701a7e6c3e9e4d5da4df36ae74cc84b684dc3e9e"
24 = "1be4b6b9648dad649ea4b61018b117ba6f764e2f9c08d8fd4d252e7c2719da7d"
25 = "202f53f4b3625d8288b75ddc5a76e3a5a4d0aee590371a9f0d7e45f7414ddda7"

[2018]
01 = "41e13e41fab078a3dc298b7f66afac364b1f9f0646ad65e72a117a169fe0640e"
02 = "7c004bf1d4b01c19358941bd25fdf8db63447a6705effedd8e2e061be7b1af97"
03 = "c283abb15e521ca33b550966b06e3b02e4fc2d4be18b10e485d04d27b9f2867e"
04 = "82b25fae7820c95b77c82dfb9bfa55951f8d86ddf17eb4072f7e306d158911ea"
05 = "6b6189e0241e5e0a6d3c49e69c5e42278002e34fa19bf74be5bbc1a6d03143ec"
06 = "3e682ce219db7524d5acb44f411e7fd67fa7a23fe3e359a6e4ca6ffe382a9cdf"
07 = "259178012fcf788abd2df9ef83dc7a24f023fead0ae61df56246065a439d839c"
08 = "703ce3f54fc1cf848366316f55eef9486a62a625928e0027e0745fa2036fa234"
09 = "b83dea5f4d0290b6a6f320ec1d26417579205654ad55e6a652eb4ee6bbf45153"
10 = "1e00b37c83eebff6f6727a412cb69e62b66edac3d4f4bd382ccb3ddefbb34128"
11 = "d0b883deb0c74a59b4a3ad5b2feec686e47fe515a20d83a98c9838c1d7d6b1ac"
12 = "5f364b94f7c88072011089ef71329d9e16ba8edd4a95c297f6818d9b7683bba2"
13 = "2bfb698267e9b0564005be206632950bbd96fcadb3b595a34602ce512af1e52b"
14 = "2165b6c19272e5a10ff17fd6c528cdadd74927a5d8116a73a072a4b4811ed543"
15 = "a60b48afef937a4cbfaf3900ef66df3e37c1c9738d6444ff91716da5ca0da247"
16 = "8aa554b6f5656d025153f43ecfcbe0c9be9e907273b067e7a234da74afb87e6f"
17 = "f2c53108e12d379e22284c7fa78c1b1865a9ffafdafdf4bb866c6b9623481474"
18 = "68794d70be85bd88d86dc41c5648b478108eff49879fa0325d6965e3367956d7"
19 = "843054c26db5fad8d7d258bc9645763517d0f5e302fe5a9c831be28c8f2e0240"
20 = "185e2987757d133e797f8bbcdd1c9144c07e805967d2c6bac96ed50c236edd98"
21 = "02fb96e191d8f7b812d28606b7d49e8d1809754fa10527ce385de54de858f2ca"
22 = "0f2566fae5308b4ecbfa7771af1098414208c33995ee1aeb91dda0aea680cbba"
23 = "aee8a8e02804955a161369a911d839cce71f584735d976bebd4d1fc82a50018b"
24 = "7cdf1acf1ca14e0b77cd955829748044a4f2568a121bd0e4bc686b78210e03e9"
25 = "30c25ba4cf469c4e4a181be0b34021e3209b63aea2a1077b63748decc52d265c"

[2019]
01 = "186a8452c40afe66bd0873324b7a1c20006f506351fc4ef4cdf67f50a307627e"
02 = "cde1f464ac7662cc4fb864aacde90bda42bc9a48349c348e28c9a5073bf1893d"
03 = "7f9354ec134be62cfcff5f564422ed8a896731f63a7ab3340cf52903563f7f18"
04 = "f20e4506bb167f9ce8a5129f615062d93995c041bf339d99c17d617069dc56b7"
05 = "2898c26debe88b17f265c649f848fac5fc91fddeece775f71f0e3620530af698"
06 = "338eac0071370409af72bf6b7f1f8abfa1d297d6491a7510cf4f6af1774a026b"
07 = "038c4129e2b3845a107d97fb39d942a588d50d4103887d99565af839fff3bdf6"
08 = "8c5c2bbcd9d2302763ad5239361bfc7d80fb79947f36910b960c5f77d2cfb8c2"
09 = "2ec8ee51c94ad76c35bee0a49ad5fd43ac16f6f338829f985364ff9d6fc5b092"
10 = "6bda9f4b4095a5decccf5ad1550debf3caa9d0b247cb56a2fe538e30b6d00479"
11 = "2ec14af499cf44d709be4461aa846cd021b2da842e7b55640448622a292220c1"
12 = "e0fbc81fcc49e515b1ee6e76227715ded25fe3249deeec48a70471cecb9d56f4"
13 = "aab264285158d1c167e8e9f7008551aa4b1948a14f6c9aca96a8c05b48702110"
14 = "380b95cdc2afe626092e19852a04112eb869c525efff9caec33e97bda2c2c93a"
15 = "fd107e04b1dae09f31f6afa6eee438c2807e17a1cb59c3b36dfdae581ac6e1ea"
16 = "4549843b050fba0b9eb694ae1213369e66ea758b5c5094dced57d080aacfa722"
17 = "0cf004b8c881cef6f92fc8e1f3a8b3bb11a1dea7b00504ea284b6ed4b991b7a7"
18 = "d97cefdca47dfcf16321f48a8ec56d34d0ab51fb884152f8ee318c050b9fbbae"
19 = "1b66faa54136b7e21c1595da70cc0f361ac4b7513a68b3ca3c28085213eb562d"
20 = "b27210e7753b48baaf0d15104093a9a078c8a9496bd90e32d27e388092cd41ce"
21 = "5eb78b8e25d80a01a84711be9562378ac4d6823f31fdc6ea35d47bb9f18d3730"
22 = "004b88c798d7e376e60f2816de7863c6f817f7c118849b3612418868fd0e23b2"
23 = "442a1da679c68bea2fd3f2819ff352ab30b1059ba4cc1f5297965ae8a06fbdde"
24 = "6a184b830d750c04601d9917cb57080ea85cdb36d0c88d43a1d666dfed1e6c02"
25 = "8910f21f1914e8609b606566186b29d312d96d2594cbbd6dc77f388dbd337179"

[2020]
01 = "93f1702cba2e52015a2d68a20840671b03ff0a21ed2190d2838b06a5692c0a4e"
02 = "a32216e87270a5b7e4a501870103d4555da5531f213da860259f1dbe4a3950e9"
03 = "81025caa1934a3c1aaed11975becf437ec425156b127fe8a50cc1e8243bc3fc7"
04 = "a7b3a30087b0d7195032aff1d2594b048c54281c38aeca6ab5dca958aa01ef76"
05 = "5eb86ba0de4f8b402890005cc5c0395c3baca9bb04a40d533e8a244bb0f76376"
06 = "a47ea8d62b3cc20eafd2b2a782188f06db546ce7738a255f5ad38809ed69b3be"
07 = "88402cb466256020c2ed53b84f4d887ac4087724bc8c0d05d75389296668ca2c"
08 = "838e307dd6bcefdf23bd142c928f5c83fcc6cc77ece9419e6b89d92c9ff144b1"
09 = "b1bbb7cc9da231ae970ffcf405467f4d19cae1a810a15081319e7363bad9f565"
10 = "532c79ca1c6a17fb924811c6e55911a9ce7d0df0e91a6cb8a1ee0eca75104c84"
11 = "9064593cc07ac9009a608107551d7b22705896110870c091d90d5dfd7c94b92f"
12 = "ea84846212811e776c9295baf100de8cb12276fa34b9baee9231a52be0e21623"
13 = "7632446e276dcb9d25e34164bf3a99d98c34d3bd63b1793760f652200db436b7"
14 = "8d2da56746bcf88eced16121acce9e3516febb07f22764827f3d3ea9f1bed951"
15 = "e6a65f486fba07781b65c20032e6e373a4144c3ab6d2ce442ab7ac5a438b2c62"
16 = "fa6ac710186ec5c6d6907c9a911cf8557d925ba388620311e8f32f518e912062"
17 = "bbaff7a7b098ea0406ea4f3e45a533c6279ad8c76b6aeff200024a9b57af0d0b"
18 = "6995f83b36e84c65f3d5257472589cb7283e37942098645b16e979cffbaff723"
19 = "b01d461c809a781ccbf297dc0bc3f508c47924bfa6ccfb09096fd99ae9e6eb1a"
20 = "edfb56dbf6191842aeab0a03a8d7d45de8b4486a328c55b4b3ac996d9aef0f31"
21 = "fe3f81fa8923fd4443bc8cc6013e977e29329fa725d2c72cf8d8ae81c0271b28"
22 = "64da365a30a89b0669d09c312f74ce667dc68991b631add9a4557e58093d4819"
23 = "24a52a2ffe146a6ab21368e513cd6368d4b7c444c942e0bd637be64926fce64f"
24 = "4b4a49b33018c9949d7c6f9a25a928e8e3c3103d6a6add3aaeb9c7eaa389a0e1"
25 = "1e54bd3416ec37f33c557ff6e306eebb7ae55c04223bcedc94ba91531cf9c33d"

[2021]
01 = "65b62f8c40e779050d0896d3c06f33eb81d51a099d74eb04513159dffb876e38"
02 = "1a932035e28b433d72277ba7bd9b928e572447fc6dd9b6837651099889256c29"
03 = "79c7e836af9ac1187ae57a769f443838494903a7c1a419697e8085dd9317301d"
04 = "1abc978b46bf6035a58ca1e3d3d06fbf8860c75af2aacf43a89fe0597e394df6"
05 = "bf81ad4ba98f37279fe6059e3294ab19e3826a6b80a89cacfca6c25f0e395b13"
06 = "797afd624c972697996a3c15e8b736bb1f8ec62db94d7df09db5c73bf3923e9a"
07 = "428b65cb3b3b807fea1e1426fb7eda233fa510f08dc78ce0ca649a3e03219471"
08 = "3b79ac622239a1095af02f2fbb1ec1e31e18078049d4f6a7d8fc15752d131a42"
09 = "86b525f46210485fbd1a6cb29417950661c1d4d6a6db29cfc06e44402f63171e"
10 = "b817fd5b4b43f643996e535e96be4b0675487f10e524a79310b59054017c5265"
11 = "f0aa3b81849bd711c155621d47ea6f17b5fe98c2ed2b3cc910662170cf7dab0a"
12 = "d73569095af2327e07865f723a279ec82a1bde32b613b993b15e2dcd302ce1ff"
13 = "7c550914fa68034d89489916cdecb70497258d01cfa25baa350b68fa22744060"
14 = "fa999a135e64d2d3664fa24b4d86d236aaf2d88812a2e3c26206660a77db58be"
15 = "f9562ef151a5f72b566dfce0a411903986e5d90970e83e255c4a973bd57ebfde"
16 = "f477f73893e303eaefbf92e98a81f2b60bb44c1e701c969d86058b7eb98a493e"
17 = "2c73ba2e7c7759d4801adc38eed47286945686baaece6e91c7a5ed2e7c4b0a5e"
18 = "78760381bd9f41429490d3bf7fab8b5c7201aec5a4b40a8294eee9a290589b18"
19 = "62c1d5068c16fc7dffeb8eebe98c9795573dd4b7edaf8168a73caa6fce39f278"
20 = "1f05f273f09053cee165b5fd7bf033e12606bf324686d9171b20dbbce6fd18b9"
21 = "53d0a8b3441ea6cc1ed7c6a1cd1b542253f4f2f6b439d4324eaa55cf9265ec5d"
22 = "6fb18c133b578b2735a746cc39734607a790303f13bbc93e3a4e8563801dbb27"
23 = "bbf565331eccb31ef3e6490bbee09c6a20b9bf487c0b4f1864e95ae9d1119484"
24 = "6041bfdb68b5ba0cdea958a822481aa6757d6558ccecb03fe95a09205cf3f196"
25 = "d1e803dece304d33944e040a1509251cf6aa2cd98fb20f61bf689ee57ec4c53b"

[2022]
01 = "3ec87cd9c9de0eb0e5c163fed78fe179a5df9d0b9103c2f38d99ea3425255918"
02 = "5edbf7131d1817c62b0d74789e6f4bdb5dd7c63ca22e90679cd29828e62145d5"
03 = "10d5b4977d6273a67c12b31f51b0321994f7a8a345b03c08a180ea19d9ec47a9"
04 = "1716d70af72e0d1e55188d00c8a914c4bc5ff4431b0fc312a27a2a3123dbc9db"
05 = "19e1bb7bfdefc72da04577e24813c0256be0e12fa3c30e908c226986eda70226"
06 = "e5a944fec37a33ff3351dac942f68698531d9face57ca5f6ab26f31cc50cba91"
07 = "ec7c23260c348f14beed806b01f3bf90687a55170e1f5609b822be2de4e8139a"
08 = "8f6cfb68b49e90d70fea5b85c72fbf1272bae7a7519d6799777bd01ac592845d"
09 = "3e797e724116c34bbfa82f64e62d446214a53dee342f813600f2284949dcd571"
10 = "6f5984ab8238b814af636f0b86b41b7725de2a5141ae650b7dbab6b31671a758"
11 = "d2885249a645fe53d5253d674cef8e97f7aad7a09c240aa308a4bdd43a85de87"
12 = "5390c1fe3881ec4e4487be227f0c018e0f068432d7e0b8961a4c4e0bb044d94f"
13 = "5f4ae0d9f264a6d95ffb06cf3c3a969d78b11b4dbefae42e4fe3d9c09f2abe82"
14 = "e9f04d40c5066aaaacf36a232279733f97413c114bcfc58e0e1fca0cbe17565a"
15 = "3b9e4845afbfeaa9d7729f553f414f4efba2ca334c12736080fd75fafc5a3eea"
16 = "a1c76d751210a6ef51734b07e0c73f8827e6d7a3fc5ccc81d8c191f70933a43f"
17 = "454f19035e786154a2b53d184b41b366198d10bda2ecca3b763dc9138e337eec"
18 = "93d881d860fc1e037bb947ffc22d57228260282dd7a598b7d57dc3e795ec9e3e"
19 = "3758ddb435e27b33d50156acb5be155b39d3542377f166da83a5ef556e0e5665"
20 = "fabfd794a3fca9e26324dc2da819ca67f7dc2a14c40854ef20f4ac31495cf248"
21 = "2a579015899426d7d917b550c6746c7d4f9bdfad93b6b8e905bb48230fb2f889"
22 = "867d9c52a52719793dc0b81a83de794491feaa99cf472fa6d1baa2b4b6fd8e28"
23 = "18898e10b819deaab566c97623a5cb355dbd76ecfaa58f981d87b128091f58dd"
24 = "a390c5f2dfc0da75cdc09e1c2a81a00ecb9f6c86b8e1935319e1a7aed3ffa1d3"
25 = "c2d59bba974030822778cf263e9b4ca76bf3dcb2d0fbf9af018ee029c864efc5"

[2023]
01 = "dbcaabc1feeb446ce30a036819542b00ca7cdba05e6453db48373520d87954a1"
02 = "c0f0d1c5887c9cafd51de83b031617a6a6058a8978e6294a239cc590e9aae225"
03 = "2479af3fb210b184e788c5bcb620f287fd79be1d978acc9a05e523da884ba21d"
04 = "a7af7a049dc9ca6da8d55d67b81697119b4432ad0826b3b38f4b51e8441237c6"
05 = "6e6a4733eb564f3fba887618b95fd111ac3e017e197affca572ed5aed2452bc0"
06 = "f0ea8614fdda7904c8b38c20daea250c25889ec203266bcb3e96cb79bc5e5454"
07 = "902e840acd385e649b3b60e0347815f92907254155da0f0a86b4f668c131b80a"
08 = "9390f0fe2e673a5b8fae45365f688a08c877485335d545a2a2015a09c9c96c79"
09 = "d29c2043b3e4a931891f67addd4f72c8cd3016af7ca54e39e4144ba28303570b"
10 = "b396391805ed040013ea180ba38f684c4dce3ff0b0a3f477cada762067def55e"
11 = "2667d5fb7c1a4e3e7560d1133219bd56fc46174ef60446a8c015d3fb640b7f11"
12 = "d7539c49b5490060475dc99c93db8fd63e8c36a8c04af5ace9fc389f0005bd13"
13 = "f4ded04b15ae49defe3ffd8d5a9e4e7e301c2df2e6d446166f87fe318b11b333"
14 = "b1f21eea3ef99127de96c07803f5fe9f12e6f16f5050acc427cc44fe2b221a5b"
15 = "c0977909cafabb37cca6f63533a1c4d2e00e16c9203b9f85d56001cc0e95d9c5"
16 = "21ddaf5752a86b1bf60312ef84b409671189f1c43332d5b82bf5243c146d0a7b"
17 = "8ad43cbcc559605a6165308d5222901aa291b164cb237ad76c57bb571a5e0a3f"
18 = "975a15cbfa63cbf459a9a306826119208d9ce96d1ba4182d6bda3b35d444bf77"
19 = "8ff4dd3234a1b1f713ce14debd0f4c740a09a801f512e6db6a0fac28c0b5f14a"
20 = "1d90ed9efd7979b747b4c7343c4e48a7d14ce611b44b4cf6b851a0efabf465d5"
21 = "9cd45c84902452b44c1fac91a66323813e697f236fdd855c2a4882e3d3508f8b"
22 = "71f456256d55e94586574c4a33ddd8d2eaf3fddcbd57e5f25db094cf0c7c6fec"
23 = "7398bbe5e56fcdea50e07cc5ad1343aa34580f51fab3f564dcd71b04928e3522"
24 = "2312f297289ae528cc011c01374b2455c287dea6dbb7703d8001a597e5b66288"
25 = "01bfeea360a533521f0bf5f5e17e7133bbdfff70ca13f3126b77e457e395f471"

[2024]
01 = "1823510ee035d4e9fc7f3c8ca30e76927d5bdeadc118727f3e5c04595049adea"
02 = "ac69568542d513c98829590d93ed5bac3dd3773fd1e8f8080ca0f4f96811a284"
03 = "96f2974cd0e34175f17e80d7f216234ec97b3ec02960c22aedece9c8097e4b85"
04 = "737cc9051e3d50ac7dd48ea9288d306f9d82b63197ad9b9383788f166ab051d0"
05 = "0c15936b2c3ad1b40ec3cb6249c1aaa4aedc44014f903d6f34371b1ec6d9fb53"
06 = "4e1a0a2133a3887b10af1064c15899a42a5380524f6e1d1540adf2e7d6bdd5cd"
07 = "173a717eedd69fd617806bae05c6e73d45cd0864488dc495dd966dcafae942db"
08 = "241427d7e9d652ab0eb6a94107f6c74be620d78f590570f55cc6b520dbf92b10"
09 = "8a645f05d2493aecaca9a61f77647eeb68b34d1e709831ef27ac02b64a180fae"
10 = "f86c179c90109b2a5c2210714bd784434b265c9858001a05b33eccfef963d1c5"
11 = "1952b988eba339f771571ebcab36dec5c6278301d3d39949af9964e78314f7c6"
12 = "2872832a681fc455e806aa0c198a8c297d4d260550d3dcfde2f5b49e84edde6f"
13 = "fe4b09742d64bb29b7ed3ab5f0d9521ae2da97576dbfe16577de6a19f5a919cb"
14 = "a0dae210aa3a4b9b1e992a81eafbe1bc1efa32da9b69b7b5121640135bb3a8b6"
15 = "a5bd21f1466acaab1446d75704aba492b49ce331549ea97f53237020cfd2fd92"
16 = "ac1d437cee7899feca0fa8639269c8c41316971bcb3bda5f96845c984cc89df0"
17 = "eb3bd563a9c3bba81e72728abda2edadc4e1676c08fbb43d95ca60048112a149"
18 = "a346153875ab75917b9fe430a5e4582149ce20b7e0ca87d3026384c5963c9fc8"
19 = "2fec88741f5610a8d773eabb8d75d4f9da4dee0851346b467e786ba2c3f7d821"
20 = "30270adb801bf2e70d37878bd4b56e0fb255ed90fb1f6e513b2e9efa06db64e0"
21 = "31a360f96d8ad382aa13f3c1f0460934321b3fc02780256e7692f04954bfc687"
22 = "a08be62e5a3b5693b46faf9293f524df8490b5693e8e9ab73d63e612d68f7eab"
23 = "1322996a50b3f488fdecf0ebcec85e9b73ccfcdbadcd4ec776b18ee702ee8bff"
24 = "a3d80d823f9f65012ad96bd8d30d66587d1d0384085697c2a3061416556a4431"
25 = "55201d9963432601bfd06b9260221ffc980a36f72dae6aa6bd671ab50c5102a8"

[2025]
01 = "a8b55a977536268da01cf480689d67b4ca04e53d6d6fffe4e8075e8a76933862"
02 = "b6a9cf171a102029a2650b59bf2167f9ca5762aa363740699502522b6c7b2f17"
03 = "353695834581afa847c82343b10beb82458b4e6742a3d0bfc91bc2068b323c4b"
04 = "e81fd4a7c3f0b6be377300cdfd0d1a24fa13973b575fb9b169d0f5d954cd2bd0"
05 = "5f36f106982b8209de8afc9b8e711f410741bacf4ef4284b14236259a073b8f5"
06 = "d145953d1a5bc88eb33931ba616faa0b9cf72553b228ab3cf6baaa00076084ae"
